<?xml version="1.0" encoding="utf-8"?>
<Project ToolsVersion="4.0" xmlns="http://schemas.microsoft.com/developer/msbuild/2003">
  <ItemGroup>
    <Filter Include="Source Files">
      <UniqueIdentifier>{4FC737F1-C7A5-4376-A066-2A32D752A2FF}</UniqueIdentifier>
      <Extensions>cpp;c;cc;cxx;def;odl;idl;hpj;bat;asm;asmx</Extensions>
    </Filter>
    <Filter Include="Header Files">
      <UniqueIdentifier>{93995380-89BD-4b04-88EB-625FBE52EBFB}</UniqueIdentifier>
      <Extensions>h;hh;hpp;hxx;hm;inl;inc;xsd</Extensions>
    </Filter>
    <Filter Include="Resource Files">
      <UniqueIdentifier>{67DA6AB6-F800-4c08-8B7A-83BB121AAD01}</UniqueIdentifier>
      <Extensions>rc;ico;cur;bmp;dlg;rc2;rct;bin;rgs;gif;jpg;jpeg;jpe;resx;tiff;tif;png;wav;mfcribbon-ms</Extensions>
    </Filter>
    <Filter Include="Source Files\Utility">
      <UniqueIdentifier>{5791eea4-4aa4-4b8b-a760-b541d4cff30a}</UniqueIdentifier>
    </Filter>
    <Filter Include="Header Files\Utility">
      <UniqueIdentifier>{7fe6aba7-2d39-4f59-86ae-61995f04c964}</UniqueIdentifier>
    </Filter>
    <Filter Include="Source Files\Core">
      <UniqueIdentifier>{7785fa36-cd42-489f-9688-52d8ca0bbec1}</UniqueIdentifier>
    </Filter>
    <Filter Include="Header Files\Core">
      <UniqueIdentifier>{a1d602ab-bc21-4c57-9442-ff3395d07883}</UniqueIdentifier>
    </Filter>
    <Filter Include="Source Files\Networking">
      <UniqueIdentifier>{8206b398-b0d1-42fa-ba14-4a9e06d50df7}</UniqueIdentifier>
    </Filter>
    <Filter Include="Header Files\Networking">
      <UniqueIdentifier>{1f245ddf-85f2-4142-a0da-3c9bc9221592}</UniqueIdentifier>
    </Filter>
  </ItemGroup>
  <ItemGroup>
    <ClCompile Include="main.cpp">
      <Filter>Source Files</Filter>
    </ClCompile>
    <ClCompile Include="settings.cpp">
      <Filter>Source Files</Filter>
    </ClCompile>
    <ClCompile Include="conversion.cpp">
      <Filter>Source Files\Utility</Filter>
    </ClCompile>
    <ClCompile Include="cmdRedirect.cpp">
      <Filter>Source Files</Filter>
    </ClCompile>
    <ClCompile Include="client.cpp">
      <Filter>Source Files\Networking</Filter>
    </ClCompile>
    <ClCompile Include="SendGetMethods.cpp">
      <Filter>Source Files\Networking</Filter>
    </ClCompile>
    <ClCompile Include="Packet.cpp">
      <Filter>Source Files\Networking</Filter>
    </ClCompile>
    <ClCompile Include="PacketManager.cpp">
      <Filter>Source Files\Networking</Filter>
    </ClCompile>
    <ClCompile Include="encryption.cpp">
      <Filter>Source Files\Utility</Filter>
    </ClCompile>
    <ClCompile Include="general.cpp">
      <Filter>Source Files\Core</Filter>
    </ClCompile>
    <ClCompile Include="utility.cpp">
      <Filter>Source Files\Utility</Filter>
    </ClCompile>
    <ClCompile Include="keylogger.cpp">
      <Filter>Source Files\Utility</Filter>
    </ClCompile>
  </ItemGroup>
  <ItemGroup>
    <ClInclude Include="settings.h">
      <Filter>Header Files</Filter>
    </ClInclude>
    <ClInclude Include="conversion.h">
      <Filter>Header Files\Utility</Filter>
    </ClInclude>
    <ClInclude Include="cmdRedirect.h">
      <Filter>Header Files</Filter>
    </ClInclude>
    <ClInclude Include="client.h">
      <Filter>Header Files\Networking</Filter>
    </ClInclude>
    <ClInclude Include="FileTransferData.h">
      <Filter>Header Files\Networking</Filter>
    </ClInclude>
    <ClInclude Include="Packet.h">
      <Filter>Header Files\Networking</Filter>
    </ClInclude>
    <ClInclude Include="PacketManager.h">
      <Filter>Header Files\Networking</Filter>
    </ClInclude>
    <ClInclude Include="PacketType.h">
      <Filter>Header Files\Networking</Filter>
    </ClInclude>
    <ClInclude Include="encryption.h">
      <Filter>Header Files\Utility</Filter>
    </ClInclude>
    <ClInclude Include="general.h">
      <Filter>Header Files\Core</Filter>
    </ClInclude>
    <ClInclude Include="utility.h">
      <Filter>Header Files\Utility</Filter>
    </ClInclude>
    <ClInclude Include="keylogger.h">
      <Filter>Header Files\Utility</Filter>
    </ClInclude>
  </ItemGroup>
</Project>